
Microsoft Visual Studio Solution File, Format Version 12.00
# Visual Studio 15
VisualStudioVersion = 15.0.28307.645
MinimumVisualStudioVersion = 10.0.40219.1
Project("{FAE04EC0-301F-11D3-BF4B-00C04F79EFBC}") = "ProducerConsumerViaMutex", "ProducerConsumerViaMutex\ProducerConsumerViaMutex.csproj", "{9C122838-0117-4D01-A877-99A87E568788}"
EndProject
Global
	GlobalSection(SolutionConfigurationPlatforms) = preSolution
		Debug|Any CPU = Debug|Any CPU
		Release|Any CPU = Release|Any CPU
	EndGlobalSection
	GlobalSection(ProjectConfigurationPlatforms) = postSolution
		{9C122838-0117-4D01-A877-99A87E568788}.Debug|Any CPU.ActiveCfg = Debug|Any CPU
		{9C122838-0117-4D01-A877-99A87E568788}.Debug|Any CPU.Build.0 = Debug|Any CPU
		{9C122838-0117-4D01-A877-99A87E568788}.Release|Any CPU.ActiveCfg = Release|Any CPU
		{9C122838-0117-4D01-A877-99A87E568788}.Release|Any CPU.Build.0 = Release|Any CPU
	EndGlobalSection
	GlobalSection(SolutionProperties) = preSolution
		HideSolutionNode = FALSE
	EndGlobalSection
	GlobalSection(ExtensibilityGlobals) = postSolution
		SolutionGuid = {59C38EF4-9B5A-4374-81B5-585B65B2A6EB}
	EndGlobalSection
EndGlobal
