
Microsoft Visual Studio Solution File, Format Version 12.00
# Visual Studio Version 17
VisualStudioVersion = 17.0.32112.339
MinimumVisualStudioVersion = 10.0.40219.1
Project("{FAE04EC0-301F-11D3-BF4B-00C04F79EFBC}") = "Threads", "Threads\Threads.csproj", "{3661A0D9-C444-4AD1-9CEF-1E46F6F1AE4F}"
EndProject
Project("{FAE04EC0-301F-11D3-BF4B-00C04F79EFBC}") = "ProcessingWf", "ProcessingWf\ProcessingWf.csproj", "{F5B18EAC-6882-4E2D-873F-9F722C5C577C}"
EndProject
Project("{FAE04EC0-301F-11D3-BF4B-00C04F79EFBC}") = "ProcessingConsole", "ProcessingConsole\ProcessingConsole.csproj", "{B6E1C1E8-27EA-47DE-BD00-AEB62D295021}"
EndProject
Global
	GlobalSection(SolutionConfigurationPlatforms) = preSolution
		Debug|Any CPU = Debug|Any CPU
		Release|Any CPU = Release|Any CPU
	EndGlobalSection
	GlobalSection(ProjectConfigurationPlatforms) = postSolution
		{3661A0D9-C444-4AD1-9CEF-1E46F6F1AE4F}.Debug|Any CPU.ActiveCfg = Debug|Any CPU
		{3661A0D9-C444-4AD1-9CEF-1E46F6F1AE4F}.Debug|Any CPU.Build.0 = Debug|Any CPU
		{3661A0D9-C444-4AD1-9CEF-1E46F6F1AE4F}.Release|Any CPU.ActiveCfg = Release|Any CPU
		{3661A0D9-C444-4AD1-9CEF-1E46F6F1AE4F}.Release|Any CPU.Build.0 = Release|Any CPU
		{F5B18EAC-6882-4E2D-873F-9F722C5C577C}.Debug|Any CPU.ActiveCfg = Debug|Any CPU
		{F5B18EAC-6882-4E2D-873F-9F722C5C577C}.Debug|Any CPU.Build.0 = Debug|Any CPU
		{F5B18EAC-6882-4E2D-873F-9F722C5C577C}.Release|Any CPU.ActiveCfg = Release|Any CPU
		{F5B18EAC-6882-4E2D-873F-9F722C5C577C}.Release|Any CPU.Build.0 = Release|Any CPU
		{B6E1C1E8-27EA-47DE-BD00-AEB62D295021}.Debug|Any CPU.ActiveCfg = Debug|Any CPU
		{B6E1C1E8-27EA-47DE-BD00-AEB62D295021}.Debug|Any CPU.Build.0 = Debug|Any CPU
		{B6E1C1E8-27EA-47DE-BD00-AEB62D295021}.Release|Any CPU.ActiveCfg = Release|Any CPU
		{B6E1C1E8-27EA-47DE-BD00-AEB62D295021}.Release|Any CPU.Build.0 = Release|Any CPU
	EndGlobalSection
	GlobalSection(SolutionProperties) = preSolution
		HideSolutionNode = FALSE
	EndGlobalSection
	GlobalSection(ExtensibilityGlobals) = postSolution
		SolutionGuid = {316CF581-42E3-4439-B0D2-0B9EADD69B60}
	EndGlobalSection
EndGlobal
