
Microsoft Visual Studio Solution File, Format Version 12.00
# Visual Studio Version 17
VisualStudioVersion = 17.1.31911.260
MinimumVisualStudioVersion = 10.0.40219.1
Project("{FAE04EC0-301F-11D3-BF4B-00C04F79EFBC}") = "HomeWork", "HomeWork\HomeWork.csproj", "{F3E09ABC-24C5-4FE8-A17E-766061B2908C}"
EndProject
Global
	GlobalSection(SolutionConfigurationPlatforms) = preSolution
		Debug|Any CPU = Debug|Any CPU
		Release|Any CPU = Release|Any CPU
	EndGlobalSection
	GlobalSection(ProjectConfigurationPlatforms) = postSolution
		{F3E09ABC-24C5-4FE8-A17E-766061B2908C}.Debug|Any CPU.ActiveCfg = Debug|Any CPU
		{F3E09ABC-24C5-4FE8-A17E-766061B2908C}.Debug|Any CPU.Build.0 = Debug|Any CPU
		{F3E09ABC-24C5-4FE8-A17E-766061B2908C}.Release|Any CPU.ActiveCfg = Release|Any CPU
		{F3E09ABC-24C5-4FE8-A17E-766061B2908C}.Release|Any CPU.Build.0 = Release|Any CPU
	EndGlobalSection
	GlobalSection(SolutionProperties) = preSolution
		HideSolutionNode = FALSE
	EndGlobalSection
	GlobalSection(ExtensibilityGlobals) = postSolution
		SolutionGuid = {108A310D-C16C-42AF-A129-380DD06106C5}
	EndGlobalSection
EndGlobal
