
Microsoft Visual Studio Solution File, Format Version 12.00
# Visual Studio Version 17
VisualStudioVersion = 17.1.31911.260
MinimumVisualStudioVersion = 10.0.40219.1
Project("{FAE04EC0-301F-11D3-BF4B-00C04F79EFBC}") = "HomeWork", "HomeWork\HomeWork.csproj", "{3F4B78F2-11F4-4DD2-AAC5-54A86E8E2867}"
EndProject
Global
	GlobalSection(SolutionConfigurationPlatforms) = preSolution
		Debug|Any CPU = Debug|Any CPU
		Release|Any CPU = Release|Any CPU
	EndGlobalSection
	GlobalSection(ProjectConfigurationPlatforms) = postSolution
		{3F4B78F2-11F4-4DD2-AAC5-54A86E8E2867}.Debug|Any CPU.ActiveCfg = Debug|Any CPU
		{3F4B78F2-11F4-4DD2-AAC5-54A86E8E2867}.Debug|Any CPU.Build.0 = Debug|Any CPU
		{3F4B78F2-11F4-4DD2-AAC5-54A86E8E2867}.Release|Any CPU.ActiveCfg = Release|Any CPU
		{3F4B78F2-11F4-4DD2-AAC5-54A86E8E2867}.Release|Any CPU.Build.0 = Release|Any CPU
	EndGlobalSection
	GlobalSection(SolutionProperties) = preSolution
		HideSolutionNode = FALSE
	EndGlobalSection
	GlobalSection(ExtensibilityGlobals) = postSolution
		SolutionGuid = {A50EF3CE-E069-4C98-9CA9-829021B7F981}
	EndGlobalSection
EndGlobal
