
Microsoft Visual Studio Solution File, Format Version 12.00
# Visual Studio Version 17
VisualStudioVersion = 17.1.31911.260
MinimumVisualStudioVersion = 10.0.40219.1
Project("{FAE04EC0-301F-11D3-BF4B-00C04F79EFBC}") = "TaskLibrary", "TaskLibrary\TaskLibrary.csproj", "{B33DDA48-8B2D-4B17-8DB7-6C0AA377C9D5}"
EndProject
Project("{FAE04EC0-301F-11D3-BF4B-00C04F79EFBC}") = "HomeWorkWF", "HomeWorkWF\HomeWorkWF.csproj", "{F16C9AFF-FD46-47A1-AECD-E7DD7FDD4F68}"
EndProject
Project("{FAE04EC0-301F-11D3-BF4B-00C04F79EFBC}") = "HomeWokrWPF", "HomeWokrWPF\HomeWokrWPF.csproj", "{06A6919A-C119-4F95-AAF9-639E69CB6770}"
EndProject
Global
	GlobalSection(SolutionConfigurationPlatforms) = preSolution
		Debug|Any CPU = Debug|Any CPU
		Release|Any CPU = Release|Any CPU
	EndGlobalSection
	GlobalSection(ProjectConfigurationPlatforms) = postSolution
		{B33DDA48-8B2D-4B17-8DB7-6C0AA377C9D5}.Debug|Any CPU.ActiveCfg = Debug|Any CPU
		{B33DDA48-8B2D-4B17-8DB7-6C0AA377C9D5}.Debug|Any CPU.Build.0 = Debug|Any CPU
		{B33DDA48-8B2D-4B17-8DB7-6C0AA377C9D5}.Release|Any CPU.ActiveCfg = Release|Any CPU
		{B33DDA48-8B2D-4B17-8DB7-6C0AA377C9D5}.Release|Any CPU.Build.0 = Release|Any CPU
		{F16C9AFF-FD46-47A1-AECD-E7DD7FDD4F68}.Debug|Any CPU.ActiveCfg = Debug|Any CPU
		{F16C9AFF-FD46-47A1-AECD-E7DD7FDD4F68}.Debug|Any CPU.Build.0 = Debug|Any CPU
		{F16C9AFF-FD46-47A1-AECD-E7DD7FDD4F68}.Release|Any CPU.ActiveCfg = Release|Any CPU
		{F16C9AFF-FD46-47A1-AECD-E7DD7FDD4F68}.Release|Any CPU.Build.0 = Release|Any CPU
		{06A6919A-C119-4F95-AAF9-639E69CB6770}.Debug|Any CPU.ActiveCfg = Debug|Any CPU
		{06A6919A-C119-4F95-AAF9-639E69CB6770}.Debug|Any CPU.Build.0 = Debug|Any CPU
		{06A6919A-C119-4F95-AAF9-639E69CB6770}.Release|Any CPU.ActiveCfg = Release|Any CPU
		{06A6919A-C119-4F95-AAF9-639E69CB6770}.Release|Any CPU.Build.0 = Release|Any CPU
	EndGlobalSection
	GlobalSection(SolutionProperties) = preSolution
		HideSolutionNode = FALSE
	EndGlobalSection
	GlobalSection(ExtensibilityGlobals) = postSolution
		SolutionGuid = {1ADFA1F1-D427-41A1-8B88-04A45E7DD679}
	EndGlobalSection
EndGlobal
